
Microsoft Visual Studio Solution File, Format Version 12.00
# Visual Studio Version 17
VisualStudioVersion = 17.1.32319.34
MinimumVisualStudioVersion = 10.0.40219.1
Project("{9A19103F-16F7-4668-BE54-9A1E7A4F7556}") = "Example.GRPC.ApplicationCore", "Example.GRPC.ApplicationCore\Example.GRPC.ApplicationCore.csproj", "{27446F6F-1BF1-4DC2-80A6-AB5FDC2EE011}"
EndProject
Project("{9A19103F-16F7-4668-BE54-9A1E7A4F7556}") = "Example.GRPC.Infrastructure", "Example.GRPC.Infrastructure\Example.GRPC.Infrastructure.csproj", "{34BBAFB0-0CE4-4CE8-9C06-D9EE04F83B84}"
EndProject
Project("{9A19103F-16F7-4668-BE54-9A1E7A4F7556}") = "Example.GRPC.API", "Example.GRPC.API\Example.GRPC.API.csproj", "{BFCF2A8A-B557-4D5D-80CE-7E4354AD7F5A}"
EndProject
Project("{9A19103F-16F7-4668-BE54-9A1E7A4F7556}") = "Example.GRPC.IntegrationTest", "Example.GRPC.IntegrationTest\Example.GRPC.IntegrationTest.csproj", "{6477D5B6-6C56-4E82-8FDE-8E44B0E09B19}"
EndProject
Global
	GlobalSection(SolutionConfigurationPlatforms) = preSolution
		Debug|Any CPU = Debug|Any CPU
		Release|Any CPU = Release|Any CPU
	EndGlobalSection
	GlobalSection(ProjectConfigurationPlatforms) = postSolution
		{27446F6F-1BF1-4DC2-80A6-AB5FDC2EE011}.Debug|Any CPU.ActiveCfg = Debug|Any CPU
		{27446F6F-1BF1-4DC2-80A6-AB5FDC2EE011}.Debug|Any CPU.Build.0 = Debug|Any CPU
		{27446F6F-1BF1-4DC2-80A6-AB5FDC2EE011}.Release|Any CPU.ActiveCfg = Release|Any CPU
		{27446F6F-1BF1-4DC2-80A6-AB5FDC2EE011}.Release|Any CPU.Build.0 = Release|Any CPU
		{34BBAFB0-0CE4-4CE8-9C06-D9EE04F83B84}.Debug|Any CPU.ActiveCfg = Debug|Any CPU
		{34BBAFB0-0CE4-4CE8-9C06-D9EE04F83B84}.Debug|Any CPU.Build.0 = Debug|Any CPU
		{34BBAFB0-0CE4-4CE8-9C06-D9EE04F83B84}.Release|Any CPU.ActiveCfg = Release|Any CPU
		{34BBAFB0-0CE4-4CE8-9C06-D9EE04F83B84}.Release|Any CPU.Build.0 = Release|Any CPU
		{BFCF2A8A-B557-4D5D-80CE-7E4354AD7F5A}.Debug|Any CPU.ActiveCfg = Debug|Any CPU
		{BFCF2A8A-B557-4D5D-80CE-7E4354AD7F5A}.Debug|Any CPU.Build.0 = Debug|Any CPU
		{BFCF2A8A-B557-4D5D-80CE-7E4354AD7F5A}.Release|Any CPU.ActiveCfg = Release|Any CPU
		{BFCF2A8A-B557-4D5D-80CE-7E4354AD7F5A}.Release|Any CPU.Build.0 = Release|Any CPU
		{6477D5B6-6C56-4E82-8FDE-8E44B0E09B19}.Debug|Any CPU.ActiveCfg = Debug|Any CPU
		{6477D5B6-6C56-4E82-8FDE-8E44B0E09B19}.Debug|Any CPU.Build.0 = Debug|Any CPU
		{6477D5B6-6C56-4E82-8FDE-8E44B0E09B19}.Release|Any CPU.ActiveCfg = Release|Any CPU
		{6477D5B6-6C56-4E82-8FDE-8E44B0E09B19}.Release|Any CPU.Build.0 = Release|Any CPU
	EndGlobalSection
	GlobalSection(SolutionProperties) = preSolution
		HideSolutionNode = FALSE
	EndGlobalSection
	GlobalSection(ExtensibilityGlobals) = postSolution
		SolutionGuid = {8734B0BE-F5D2-4124-9D64-90CC2AC4DCA5}
	EndGlobalSection
EndGlobal
